<Solution>
  <Project Path="DesafioGerenciadorTarefas.Api/DesafioGerenciadorTarefas.Api.csproj" />
  <Project Path="DesafioGerenciadorTarefas.Core/DesafioGerenciadorTarefas.Core.csproj" />
  <Project Path="DesafioGerenciadorTarefas.Infrastructure/DesafioGerenciadorTarefas.Infrastructure.csproj" />
  <Project Path="DesafioGerenciadorTarefas.Tests/DesafioGerenciadorTarefas.Tests.csproj" />
</Solution>
